
Microsoft Visual Studio Solution File, Format Version 12.00
# Visual Studio Version 17
VisualStudioVersion = 17.1.32421.90
MinimumVisualStudioVersion = 10.0.40219.1
Project("{FAE04EC0-301F-11D3-BF4B-00C04F79EFBC}") = "WindowsFormsApp3", "WindowsFormsApp3.csproj", "{0DFA226A-8FF7-48B0-8A53-EA94CA2749EA}"
EndProject
Global
	GlobalSection(SolutionConfigurationPlatforms) = preSolution
		Debug|Any CPU = Debug|Any CPU
		Release|Any CPU = Release|Any CPU
	EndGlobalSection
	GlobalSection(ProjectConfigurationPlatforms) = postSolution
		{0DFA226A-8FF7-48B0-8A53-EA94CA2749EA}.Debug|Any CPU.ActiveCfg = Debug|Any CPU
		{0DFA226A-8FF7-48B0-8A53-EA94CA2749EA}.Debug|Any CPU.Build.0 = Debug|Any CPU
		{0DFA226A-8FF7-48B0-8A53-EA94CA2749EA}.Release|Any CPU.ActiveCfg = Release|Any CPU
		{0DFA226A-8FF7-48B0-8A53-EA94CA2749EA}.Release|Any CPU.Build.0 = Release|Any CPU
	EndGlobalSection
	GlobalSection(SolutionProperties) = preSolution
		HideSolutionNode = FALSE
	EndGlobalSection
	GlobalSection(ExtensibilityGlobals) = postSolution
		SolutionGuid = {A1ABCA7B-02F2-42AC-80D6-02BE712B5477}
	EndGlobalSection
EndGlobal
